
Microsoft Visual Studio Solution File, Format Version 12.00
# Visual Studio Version 17
VisualStudioVersion = 17.6.33829.357
MinimumVisualStudioVersion = 10.0.40219.1
Project("{FAE04EC0-301F-11D3-BF4B-00C04F79EFBC}") = "Api", "Api\Api.csproj", "{E567F761-61DA-4A73-B1BE-E0F5B14A3B4C}"
EndProject
Global
	GlobalSection(SolutionConfigurationPlatforms) = preSolution
		Debug|Any CPU = Debug|Any CPU
		Release|Any CPU = Release|Any CPU
	EndGlobalSection
	GlobalSection(ProjectConfigurationPlatforms) = postSolution
		{E567F761-61DA-4A73-B1BE-E0F5B14A3B4C}.Debug|Any CPU.ActiveCfg = Debug|Any CPU
		{E567F761-61DA-4A73-B1BE-E0F5B14A3B4C}.Debug|Any CPU.Build.0 = Debug|Any CPU
		{E567F761-61DA-4A73-B1BE-E0F5B14A3B4C}.Release|Any CPU.ActiveCfg = Release|Any CPU
		{E567F761-61DA-4A73-B1BE-E0F5B14A3B4C}.Release|Any CPU.Build.0 = Release|Any CPU
	EndGlobalSection
	GlobalSection(SolutionProperties) = preSolution
		HideSolutionNode = FALSE
	EndGlobalSection
	GlobalSection(ExtensibilityGlobals) = postSolution
		SolutionGuid = {06825B73-336B-447E-8A4C-283E2F90EB0E}
	EndGlobalSection
EndGlobal
